
Microsoft Visual Studio Solution File, Format Version 12.00
# Visual Studio Version 16
VisualStudioVersion = 16.0.28803.202
MinimumVisualStudioVersion = 10.0.40219.1
Project("{FAE04EC0-301F-11D3-BF4B-00C04F79EFBC}") = "Projeto_teste", "Projeto_teste\Projeto_teste.csproj", "{13E9E837-C9EA-4634-873D-E7D46FCF2370}"
EndProject
Global
	GlobalSection(SolutionConfigurationPlatforms) = preSolution
		Debug|Any CPU = Debug|Any CPU
		Release|Any CPU = Release|Any CPU
	EndGlobalSection
	GlobalSection(ProjectConfigurationPlatforms) = postSolution
		{13E9E837-C9EA-4634-873D-E7D46FCF2370}.Debug|Any CPU.ActiveCfg = Debug|Any CPU
		{13E9E837-C9EA-4634-873D-E7D46FCF2370}.Debug|Any CPU.Build.0 = Debug|Any CPU
		{13E9E837-C9EA-4634-873D-E7D46FCF2370}.Release|Any CPU.ActiveCfg = Release|Any CPU
		{13E9E837-C9EA-4634-873D-E7D46FCF2370}.Release|Any CPU.Build.0 = Release|Any CPU
	EndGlobalSection
	GlobalSection(SolutionProperties) = preSolution
		HideSolutionNode = FALSE
	EndGlobalSection
	GlobalSection(ExtensibilityGlobals) = postSolution
		SolutionGuid = {7A784130-2EA5-4556-B401-47914EDEDF98}
	EndGlobalSection
EndGlobal
